
Microsoft Visual Studio Solution File, Format Version 12.00
# Visual Studio Version 17
VisualStudioVersion = 17.5.33414.496
MinimumVisualStudioVersion = 10.0.40219.1
Project("{FAE04EC0-301F-11D3-BF4B-00C04F79EFBC}") = "WindowsFormsApp_pr6.2", "WindowsFormsApp_pr6.2.csproj", "{A6C668EB-F6CD-4207-AB7C-9A08AEF7DE7E}"
EndProject
Global
	GlobalSection(SolutionConfigurationPlatforms) = preSolution
		Debug|Any CPU = Debug|Any CPU
		Release|Any CPU = Release|Any CPU
	EndGlobalSection
	GlobalSection(ProjectConfigurationPlatforms) = postSolution
		{A6C668EB-F6CD-4207-AB7C-9A08AEF7DE7E}.Debug|Any CPU.ActiveCfg = Debug|Any CPU
		{A6C668EB-F6CD-4207-AB7C-9A08AEF7DE7E}.Debug|Any CPU.Build.0 = Debug|Any CPU
		{A6C668EB-F6CD-4207-AB7C-9A08AEF7DE7E}.Release|Any CPU.ActiveCfg = Release|Any CPU
		{A6C668EB-F6CD-4207-AB7C-9A08AEF7DE7E}.Release|Any CPU.Build.0 = Release|Any CPU
	EndGlobalSection
	GlobalSection(SolutionProperties) = preSolution
		HideSolutionNode = FALSE
	EndGlobalSection
	GlobalSection(ExtensibilityGlobals) = postSolution
		SolutionGuid = {5CAF8518-906B-42B1-80B8-16769B7322A1}
	EndGlobalSection
EndGlobal
